
Microsoft Visual Studio Solution File, Format Version 12.00
# Visual Studio Version 17
VisualStudioVersion = 17.4.33110.190
MinimumVisualStudioVersion = 10.0.40219.1
Project("{9A19103F-16F7-4668-BE54-9A1E7A4F7556}") = "AtCoderHeuristicDeck.Core", "AtCoderHeuristicDeck.Core\AtCoderHeuristicDeck.Core.csproj", "{B01CBECE-82EA-44D1-B4DF-E518D9D0E845}"
EndProject
Project("{9A19103F-16F7-4668-BE54-9A1E7A4F7556}") = "AtCoderHeuristicDeck.Core.Test", "AtCoderHeuristicDeck.Core.Test\AtCoderHeuristicDeck.Core.Test.csproj", "{76C1025F-3605-40FC-B038-EA2124BCD7E6}"
EndProject
Project("{9A19103F-16F7-4668-BE54-9A1E7A4F7556}") = "AtCoderHeuristicDeck.WebApp", "AtCoderHeuristicDeck.WebApp\AtCoderHeuristicDeck.WebApp.csproj", "{944F6A0F-E7AA-44AE-901F-EA73779F0BA4}"
EndProject
Project("{FAE04EC0-301F-11D3-BF4B-00C04F79EFBC}") = "AtCoderHeuristicDeck.Api", "AtCoderHeuristicDeck.Api\AtCoderHeuristicDeck.Api.csproj", "{38BC9792-CA1C-49F0-8682-911F07390B77}"
EndProject
Global
	GlobalSection(SolutionConfigurationPlatforms) = preSolution
		Debug|Any CPU = Debug|Any CPU
		Release|Any CPU = Release|Any CPU
	EndGlobalSection
	GlobalSection(ProjectConfigurationPlatforms) = postSolution
		{B01CBECE-82EA-44D1-B4DF-E518D9D0E845}.Debug|Any CPU.ActiveCfg = Debug|Any CPU
		{B01CBECE-82EA-44D1-B4DF-E518D9D0E845}.Debug|Any CPU.Build.0 = Debug|Any CPU
		{B01CBECE-82EA-44D1-B4DF-E518D9D0E845}.Release|Any CPU.ActiveCfg = Release|Any CPU
		{B01CBECE-82EA-44D1-B4DF-E518D9D0E845}.Release|Any CPU.Build.0 = Release|Any CPU
		{76C1025F-3605-40FC-B038-EA2124BCD7E6}.Debug|Any CPU.ActiveCfg = Debug|Any CPU
		{76C1025F-3605-40FC-B038-EA2124BCD7E6}.Debug|Any CPU.Build.0 = Debug|Any CPU
		{76C1025F-3605-40FC-B038-EA2124BCD7E6}.Release|Any CPU.ActiveCfg = Release|Any CPU
		{76C1025F-3605-40FC-B038-EA2124BCD7E6}.Release|Any CPU.Build.0 = Release|Any CPU
		{944F6A0F-E7AA-44AE-901F-EA73779F0BA4}.Debug|Any CPU.ActiveCfg = Debug|Any CPU
		{944F6A0F-E7AA-44AE-901F-EA73779F0BA4}.Debug|Any CPU.Build.0 = Debug|Any CPU
		{944F6A0F-E7AA-44AE-901F-EA73779F0BA4}.Release|Any CPU.ActiveCfg = Release|Any CPU
		{944F6A0F-E7AA-44AE-901F-EA73779F0BA4}.Release|Any CPU.Build.0 = Release|Any CPU
		{38BC9792-CA1C-49F0-8682-911F07390B77}.Debug|Any CPU.ActiveCfg = Debug|Any CPU
		{38BC9792-CA1C-49F0-8682-911F07390B77}.Debug|Any CPU.Build.0 = Debug|Any CPU
		{38BC9792-CA1C-49F0-8682-911F07390B77}.Release|Any CPU.ActiveCfg = Release|Any CPU
		{38BC9792-CA1C-49F0-8682-911F07390B77}.Release|Any CPU.Build.0 = Release|Any CPU
	EndGlobalSection
	GlobalSection(SolutionProperties) = preSolution
		HideSolutionNode = FALSE
	EndGlobalSection
	GlobalSection(ExtensibilityGlobals) = postSolution
		SolutionGuid = {229D0EA5-3961-4254-AB39-BD6CFE7005F6}
	EndGlobalSection
EndGlobal
